hash: 6c37a553115046c85937c35fa9bf5a0f1b5121062f0d3eccbc65e9da08fdcbba
updated: 2017-02-25T01:09:36.683944388+06:00
imports:
- name: github.com/aerokite/go-google-translate
  version: 2bd58cea6401d9aa70edaee27044c706c16f125f
  subpackages:
  - pkg
  - pkg/client
- name: github.com/inconshreveable/mousetrap
  version: 76626ae9c91c4f2a10f34cad8ce83ea42c93bb75
- name: github.com/sadlil/go-avro-phonetic
  version: acf22ec97ee95d793de5d879be04b2b7ff5dbf1a
  subpackages:
  - data
- name: github.com/spf13/cobra
  version: 92ea23a837e66f46ac9e7d04fa826602b7b0a42d
- name: github.com/spf13/pflag
  version: 9ff6c6923cfffbcd502984b8e0c80539a94968b7
testImports: []
