hash: feabf49369f4288f3effe7145784eb791e16110672146abdf65eab020fc30cd1
updated: 2018-05-19T21:58:59.225961593+06:00
imports:
- name: github.com/aerokite/go-google-translate
  version: 1a17665fc90296986f74b441ef5a024b8beeec03
  subpackages:
  - pkg
  - pkg/client
- name: github.com/inconshreveable/mousetrap
  version: 76626ae9c91c4f2a10f34cad8ce83ea42c93bb75
- name: github.com/sadlil/go-avro-phonetic
  version: acf22ec97ee95d793de5d879be04b2b7ff5dbf1a
  subpackages:
  - data
- name: github.com/spf13/cobra
  version: ef82de70bb3f60c65fb8eebacbb2d122ef517385
- name: github.com/spf13/pflag
  version: e57e3eeb33f795204c1ca35f56c44f83227c6e66
testImports: []
